
Microsoft Visual Studio Solution File, Format Version 12.00
# Visual Studio Version 17
VisualStudioVersion = 17.5.002.0
MinimumVisualStudioVersion = 10.0.40219.1
Project("{9A19103F-16F7-4668-BE54-9A1E7A4F7556}") = "Ask", "Ask\Ask.csproj", "{374101B6-B9E1-465F-934D-B03277E9B4DA}"
EndProject
Global
	GlobalSection(SolutionConfigurationPlatforms) = preSolution
		Debug|Any CPU = Debug|Any CPU
		Release|Any CPU = Release|Any CPU
	EndGlobalSection
	GlobalSection(ProjectConfigurationPlatforms) = postSolution
		{374101B6-B9E1-465F-934D-B03277E9B4DA}.Debug|Any CPU.ActiveCfg = Debug|Any CPU
		{374101B6-B9E1-465F-934D-B03277E9B4DA}.Debug|Any CPU.Build.0 = Debug|Any CPU
		{374101B6-B9E1-465F-934D-B03277E9B4DA}.Release|Any CPU.ActiveCfg = Release|Any CPU
		{374101B6-B9E1-465F-934D-B03277E9B4DA}.Release|Any CPU.Build.0 = Release|Any CPU
	EndGlobalSection
	GlobalSection(SolutionProperties) = preSolution
		HideSolutionNode = FALSE
	EndGlobalSection
	GlobalSection(ExtensibilityGlobals) = postSolution
		SolutionGuid = {DAA6081E-5F3E-4649-9294-F59A7CAC8E12}
	EndGlobalSection
EndGlobal
